<?xml version="1.0" encoding="utf-8"?>
<Project ToolsVersion="4.0" xmlns="http://schemas.microsoft.com/developer/msbuild/2003">
  <ItemGroup>
    <Filter Include="Source Files">
      <UniqueIdentifier>{4FC737F1-C7A5-4376-A066-2A32D752A2FF}</UniqueIdentifier>
      <Extensions>cpp;c;cc;cxx;c++;def;odl;idl;hpj;bat;asm;asmx</Extensions>
    </Filter>
    <Filter Include="Header Files">
      <UniqueIdentifier>{93995380-89BD-4b04-88EB-625FBE52EBFB}</UniqueIdentifier>
      <Extensions>h;hh;hpp;hxx;h++;hm;inl;inc;ipp;xsd</Extensions>
    </Filter>
    <Filter Include="Resource Files">
      <UniqueIdentifier>{67DA6AB6-F800-4c08-8B7A-83BB121AAD01}</UniqueIdentifier>
      <Extensions>rc;ico;cur;bmp;dlg;rc2;rct;bin;rgs;gif;jpg;jpeg;jpe;resx;tiff;tif;png;wav;mfcribbon-ms</Extensions>
    </Filter>
  </ItemGroup>
  <ItemGroup>
    <ClInclude Include="Vector2D.h">
      <Filter>Header Files</Filter>
    </ClInclude>
    <ClInclude Include="Vector3D.h">
      <Filter>Header Files</Filter>
    </ClInclude>
    <ClInclude Include="Drag.h">
      <Filter>Header Files</Filter>
    </ClInclude>
    <ClInclude Include="Friction.h">
      <Filter>Header Files</Filter>
    </ClInclude>
    <ClInclude Include="Elasticity.h">
      <Filter>Header Files</Filter>
    </ClInclude>
    <ClInclude Include="Energy.h">
      <Filter>Header Files</Filter>
    </ClInclude>
    <ClInclude Include="Momentum.h">
      <Filter>Header Files</Filter>
    </ClInclude>
    <ClInclude Include="Statics.h">
      <Filter>Header Files</Filter>
    </ClInclude>
    <ClInclude Include="Torque.h">
      <Filter>Header Files</Filter>
    </ClInclude>
    <ClInclude Include="RotationalMotion.h">
      <Filter>Header Files</Filter>
    </ClInclude>
    <ClInclude Include="UniformCircularMotion.h">
      <Filter>Header Files</Filter>
    </ClInclude>
    <ClInclude Include="FluidStatics.h">
      <Filter>Header Files</Filter>
    </ClInclude>
    <ClInclude Include="Temperature.h">
      <Filter>Header Files</Filter>
    </ClInclude>
    <ClInclude Include="Heat.h">
      <Filter>Header Files</Filter>
    </ClInclude>
    <ClInclude Include="PeriodicElements.h">
      <Filter>Header Files</Filter>
    </ClInclude>
    <ClInclude Include="Thermodynamics.h">
      <Filter>Header Files</Filter>
    </ClInclude>
    <ClInclude Include="DynamicsAndForces.h">
      <Filter>Header Files</Filter>
    </ClInclude>
    <ClInclude Include="TemplateClass.h">
      <Filter>Header Files</Filter>
    </ClInclude>
    <ClInclude Include="FluidDynamics.h">
      <Filter>Header Files</Filter>
    </ClInclude>
    <ClInclude Include="Waves.h">
      <Filter>Header Files</Filter>
    </ClInclude>
    <ClInclude Include="Hearing.h">
      <Filter>Header Files</Filter>
    </ClInclude>
    <ClInclude Include="ElectricCharge.h">
      <Filter>Header Files</Filter>
    </ClInclude>
    <ClInclude Include="ElectricPotential.h">
      <Filter>Header Files</Filter>
    </ClInclude>
    <ClInclude Include="ElectricCurrent.h">
      <Filter>Header Files</Filter>
    </ClInclude>
    <ClInclude Include="Kinematics.h">
      <Filter>Header Files</Filter>
    </ClInclude>
    <ClInclude Include="Circuits.h">
      <Filter>Header Files</Filter>
    </ClInclude>
    <ClInclude Include="Magnetism.h">
      <Filter>Header Files</Filter>
    </ClInclude>
    <ClInclude Include="ElectroMagneticInduction.h">
      <Filter>Header Files</Filter>
    </ClInclude>
    <ClInclude Include="ElectromagneticWaves.h">
      <Filter>Header Files</Filter>
    </ClInclude>
    <ClInclude Include="GeometricOptics.h">
      <Filter>Header Files</Filter>
    </ClInclude>
    <ClInclude Include="WaveOptics.h">
      <Filter>Header Files</Filter>
    </ClInclude>
    <ClInclude Include="VisionOpticalInstruments.h">
      <Filter>Header Files</Filter>
    </ClInclude>
    <ClInclude Include="SpecialRelativity.h">
      <Filter>Header Files</Filter>
    </ClInclude>
    <ClInclude Include="QuantumPhysics.h">
      <Filter>Header Files</Filter>
    </ClInclude>
    <ClInclude Include="VectorND.h">
      <Filter>Header Files</Filter>
    </ClInclude>
    <ClInclude Include="Physics_World.h">
      <Filter>Header Files</Filter>
    </ClInclude>
    <ClInclude Include="RunTimer.h">
      <Filter>Header Files</Filter>
    </ClInclude>
    <ClInclude Include="TriangleSolver.h">
      <Filter>Header Files</Filter>
    </ClInclude>
    <ClInclude Include="ETL.h">
      <Filter>Header Files</Filter>
    </ClInclude>
    <ClInclude Include="LinearRegression.h">
      <Filter>Header Files</Filter>
    </ClInclude>
    <ClInclude Include="LogisticRegression.h">
      <Filter>Header Files</Filter>
    </ClInclude>
    <ClInclude Include="MatrixND.h">
      <Filter>Header Files</Filter>
    </ClInclude>
    <ClInclude Include="RandomNumbers.h">
      <Filter>Header Files</Filter>
    </ClInclude>
    <ClInclude Include="StringHelper.h">
      <Filter>Header Files</Filter>
    </ClInclude>
    <ClInclude Include="RegexHelper.h">
      <Filter>Header Files</Filter>
    </ClInclude>
    <ClInclude Include="AtomicPhysics.h">
      <Filter>Header Files</Filter>
    </ClInclude>
    <ClInclude Include="Testing.h">
      <Filter>Header Files</Filter>
    </ClInclude>
    <ClInclude Include="TransitiveClosure.h">
      <Filter>Header Files</Filter>
    </ClInclude>
    <ClInclude Include="LinearAlgebra.h">
      <Filter>Header Files</Filter>
    </ClInclude>
    <ClInclude Include="Square.h">
      <Filter>Header Files</Filter>
    </ClInclude>
    <ClInclude Include="Cube.h">
      <Filter>Header Files</Filter>
    </ClInclude>
    <ClInclude Include="Rectangle.h">
      <Filter>Header Files</Filter>
    </ClInclude>
    <ClInclude Include="RectangularPrism.h">
      <Filter>Header Files</Filter>
    </ClInclude>
    <ClInclude Include="Cylinder.h">
      <Filter>Header Files</Filter>
    </ClInclude>
    <ClInclude Include="Cone.h">
      <Filter>Header Files</Filter>
    </ClInclude>
    <ClInclude Include="Sphere.h">
      <Filter>Header Files</Filter>
    </ClInclude>
    <ClInclude Include="Pyramid.h">
      <Filter>Header Files</Filter>
    </ClInclude>
    <ClInclude Include="Circle.h">
      <Filter>Header Files</Filter>
    </ClInclude>
    <ClInclude Include="Parallelogram.h">
      <Filter>Header Files</Filter>
    </ClInclude>
    <ClInclude Include="CollisionPackage.h">
      <Filter>Header Files</Filter>
    </ClInclude>
    <ClInclude Include="Asteroid.h">
      <Filter>Header Files</Filter>
    </ClInclude>
    <ClInclude Include="Point2D.h">
      <Filter>Header Files</Filter>
    </ClInclude>
    <ClInclude Include="Vector.h">
      <Filter>Header Files</Filter>
    </ClInclude>
    <ClInclude Include="Core.h">
      <Filter>Header Files</Filter>
    </ClInclude>
    <ClInclude Include="Point.h">
      <Filter>Header Files</Filter>
    </ClInclude>
    <ClInclude Include="GeoUtils.h">
      <Filter>Header Files</Filter>
    </ClInclude>
    <ClInclude Include="Line.h">
      <Filter>Header Files</Filter>
    </ClInclude>
    <ClInclude Include="Plane.h">
      <Filter>Header Files</Filter>
    </ClInclude>
    <ClInclude Include="Segment.h">
      <Filter>Header Files</Filter>
    </ClInclude>
    <ClInclude Include="Polygon.h">
      <Filter>Header Files</Filter>
    </ClInclude>
    <ClInclude Include="Polyhedron.h">
      <Filter>Header Files</Filter>
    </ClInclude>
    <ClInclude Include="PolygonDCEL.h">
      <Filter>Header Files</Filter>
    </ClInclude>
    <ClInclude Include="Intersection.h">
      <Filter>Header Files</Filter>
    </ClInclude>
    <ClInclude Include="Boundaries.h">
      <Filter>Header Files</Filter>
    </ClInclude>
    <ClInclude Include="Bounds.h">
      <Filter>Header Files</Filter>
    </ClInclude>
    <ClInclude Include="Inclusion.h">
      <Filter>Header Files</Filter>
    </ClInclude>
    <ClInclude Include="Distance.h">
      <Filter>Header Files</Filter>
    </ClInclude>
    <ClInclude Include="Angle.h">
      <Filter>Header Files</Filter>
    </ClInclude>
    <ClInclude Include="BinarySearchTree.h">
      <Filter>Header Files</Filter>
    </ClInclude>
    <ClInclude Include="KDTree.h">
      <Filter>Header Files</Filter>
    </ClInclude>
    <ClInclude Include="QuadTree.h">
      <Filter>Header Files</Filter>
    </ClInclude>
    <ClInclude Include="RedBlackTree.h">
      <Filter>Header Files</Filter>
    </ClInclude>
    <ClInclude Include="BinarySpacePartition.h">
      <Filter>Header Files</Filter>
    </ClInclude>
    <ClInclude Include="Convexhull.h">
      <Filter>Header Files</Filter>
    </ClInclude>
    <ClInclude Include="MonotonePartition.h">
      <Filter>Header Files</Filter>
    </ClInclude>
    <ClInclude Include="Triangulation.h">
      <Filter>Header Files</Filter>
    </ClInclude>
    <ClInclude Include="Voronoi.h">
      <Filter>Header Files</Filter>
    </ClInclude>
  </ItemGroup>
  <ItemGroup>
    <ClCompile Include="testFactory.cpp">
      <Filter>Source Files</Filter>
    </ClCompile>
    <ClCompile Include="RandomNumbers.cpp">
      <Filter>Source Files</Filter>
    </ClCompile>
    <ClCompile Include="PeriodicElements.cpp">
      <Filter>Source Files</Filter>
    </ClCompile>
    <ClCompile Include="Square.cpp">
      <Filter>Source Files</Filter>
    </ClCompile>
    <ClCompile Include="Vector.cpp">
      <Filter>Source Files</Filter>
    </ClCompile>
    <ClCompile Include="GeoUtils.cpp">
      <Filter>Source Files</Filter>
    </ClCompile>
    <ClCompile Include="Line.cpp">
      <Filter>Source Files</Filter>
    </ClCompile>
    <ClCompile Include="Point.cpp">
      <Filter>Source Files</Filter>
    </ClCompile>
    <ClCompile Include="Polygon.cpp">
      <Filter>Source Files</Filter>
    </ClCompile>
    <ClCompile Include="Intersection.cpp">
      <Filter>Source Files</Filter>
    </ClCompile>
    <ClCompile Include="Inclusion.cpp">
      <Filter>Source Files</Filter>
    </ClCompile>
    <ClCompile Include="Distance.cpp">
      <Filter>Source Files</Filter>
    </ClCompile>
    <ClCompile Include="Angle.cpp">
      <Filter>Source Files</Filter>
    </ClCompile>
    <ClCompile Include="KDTree.cpp">
      <Filter>Source Files</Filter>
    </ClCompile>
    <ClCompile Include="QuadTree.cpp">
      <Filter>Source Files</Filter>
    </ClCompile>
    <ClCompile Include="BinarySpacePartition.cpp">
      <Filter>Source Files</Filter>
    </ClCompile>
    <ClCompile Include="Convexhull.cpp">
      <Filter>Source Files</Filter>
    </ClCompile>
    <ClCompile Include="MonotonePartition.cpp">
      <Filter>Source Files</Filter>
    </ClCompile>
    <ClCompile Include="Triangulation.cpp">
      <Filter>Source Files</Filter>
    </ClCompile>
    <ClCompile Include="Voronoi.cpp">
      <Filter>Source Files</Filter>
    </ClCompile>
  </ItemGroup>
  <ItemGroup>
    <Text Include="oldProblems.txt">
      <Filter>Resource Files</Filter>
    </Text>
    <Text Include="linearRegression.txt">
      <Filter>Resource Files</Filter>
    </Text>
    <Text Include="LogisticalRegression.txt">
      <Filter>Resource Files</Filter>
    </Text>
    <Text Include="drunkRace.txt">
      <Filter>Resource Files</Filter>
    </Text>
  </ItemGroup>
</Project>