
Microsoft Visual Studio Solution File, Format Version 12.00
# Visual Studio Version 16
VisualStudioVersion = 16.0.30320.27
MinimumVisualStudioVersion = 10.0.40219.1
Project("{8BC9CEB8-8B4A-11D0-8D11-00A0C91BC942}") = "Physics_Formula_Class", "Physics_Formula_Class.vcxproj", "{FBC1B2D1-A8F7-464A-952E-C9C159DDB061}"
EndProject
Global
	GlobalSection(SolutionConfigurationPlatforms) = preSolution
		Debug|x64 = Debug|x64
		Debug|x86 = Debug|x86
		Release|x64 = Release|x64
		Release|x86 = Release|x86
	EndGlobalSection
	GlobalSection(ProjectConfigurationPlatforms) = postSolution
		{FBC1B2D1-A8F7-464A-952E-C9C159DDB061}.Debug|x64.ActiveCfg = Debug|x64
		{FBC1B2D1-A8F7-464A-952E-C9C159DDB061}.Debug|x64.Build.0 = Debug|x64
		{FBC1B2D1-A8F7-464A-952E-C9C159DDB061}.Debug|x86.ActiveCfg = Debug|Win32
		{FBC1B2D1-A8F7-464A-952E-C9C159DDB061}.Debug|x86.Build.0 = Debug|Win32
		{FBC1B2D1-A8F7-464A-952E-C9C159DDB061}.Release|x64.ActiveCfg = Release|x64
		{FBC1B2D1-A8F7-464A-952E-C9C159DDB061}.Release|x64.Build.0 = Release|x64
		{FBC1B2D1-A8F7-464A-952E-C9C159DDB061}.Release|x86.ActiveCfg = Release|Win32
		{FBC1B2D1-A8F7-464A-952E-C9C159DDB061}.Release|x86.Build.0 = Release|Win32
	EndGlobalSection
	GlobalSection(SolutionProperties) = preSolution
		HideSolutionNode = FALSE
	EndGlobalSection
	GlobalSection(ExtensibilityGlobals) = postSolution
		SolutionGuid = {43476431-EBB8-48E2-BD69-887DB8F4AD88}
	EndGlobalSection
EndGlobal
