<?xml version="1.0" encoding="utf-8"?>
<Project ToolsVersion="4.0" xmlns="http://schemas.microsoft.com/developer/msbuild/2003">
  <ItemGroup>
    <Filter Include="Source Files">
      <UniqueIdentifier>{4FC737F1-C7A5-4376-A066-2A32D752A2FF}</UniqueIdentifier>
      <Extensions>cpp;c;cc;cxx;c++;def;odl;idl;hpj;bat;asm;asmx</Extensions>
    </Filter>
    <Filter Include="Header Files">
      <UniqueIdentifier>{93995380-89BD-4b04-88EB-625FBE52EBFB}</UniqueIdentifier>
      <Extensions>h;hh;hpp;hxx;h++;hm;inl;inc;ipp;xsd</Extensions>
    </Filter>
    <Filter Include="Resource Files">
      <UniqueIdentifier>{67DA6AB6-F800-4c08-8B7A-83BB121AAD01}</UniqueIdentifier>
      <Extensions>rc;ico;cur;bmp;dlg;rc2;rct;bin;rgs;gif;jpg;jpeg;jpe;resx;tiff;tif;png;wav;mfcribbon-ms</Extensions>
    </Filter>
  </ItemGroup>
  <ItemGroup>
    <ClInclude Include="Vector2d.h">
      <Filter>Header Files</Filter>
    </ClInclude>
    <ClInclude Include="Vector3D.h">
      <Filter>Header Files</Filter>
    </ClInclude>
    <ClInclude Include="Drag.h">
      <Filter>Header Files</Filter>
    </ClInclude>
    <ClInclude Include="Friction.h">
      <Filter>Header Files</Filter>
    </ClInclude>
    <ClInclude Include="Elasticity.h">
      <Filter>Header Files</Filter>
    </ClInclude>
    <ClInclude Include="Energy.h">
      <Filter>Header Files</Filter>
    </ClInclude>
    <ClInclude Include="Momentum.h">
      <Filter>Header Files</Filter>
    </ClInclude>
    <ClInclude Include="Statics.h">
      <Filter>Header Files</Filter>
    </ClInclude>
    <ClInclude Include="Torque.h">
      <Filter>Header Files</Filter>
    </ClInclude>
    <ClInclude Include="RotationalMotion.h">
      <Filter>Header Files</Filter>
    </ClInclude>
    <ClInclude Include="UniformCircularMotion.h">
      <Filter>Header Files</Filter>
    </ClInclude>
    <ClInclude Include="FluidStatics.h">
      <Filter>Header Files</Filter>
    </ClInclude>
    <ClInclude Include="PhysicsWorld.h">
      <Filter>Header Files</Filter>
    </ClInclude>
    <ClInclude Include="Temperature.h">
      <Filter>Header Files</Filter>
    </ClInclude>
    <ClInclude Include="Heat.h">
      <Filter>Header Files</Filter>
    </ClInclude>
    <ClInclude Include="PeriodicElements.h">
      <Filter>Header Files</Filter>
    </ClInclude>
    <ClInclude Include="Thermodynamics.h">
      <Filter>Header Files</Filter>
    </ClInclude>
    <ClInclude Include="DynamicsAndForces.h">
      <Filter>Header Files</Filter>
    </ClInclude>
    <ClInclude Include="TemplateClass.h">
      <Filter>Header Files</Filter>
    </ClInclude>
    <ClInclude Include="FluidDynamics.h">
      <Filter>Header Files</Filter>
    </ClInclude>
    <ClInclude Include="Waves.h">
      <Filter>Header Files</Filter>
    </ClInclude>
    <ClInclude Include="Hearing.h">
      <Filter>Header Files</Filter>
    </ClInclude>
    <ClInclude Include="ElectricCharge.h">
      <Filter>Header Files</Filter>
    </ClInclude>
    <ClInclude Include="ElectricPotential.h">
      <Filter>Header Files</Filter>
    </ClInclude>
    <ClInclude Include="ElectricCurrent.h">
      <Filter>Header Files</Filter>
    </ClInclude>
    <ClInclude Include="Kinematics.h">
      <Filter>Header Files</Filter>
    </ClInclude>
    <ClInclude Include="Circuits.h">
      <Filter>Header Files</Filter>
    </ClInclude>
    <ClInclude Include="Magnetism.h">
      <Filter>Header Files</Filter>
    </ClInclude>
    <ClInclude Include="ElectroMagneticInduction.h">
      <Filter>Header Files</Filter>
    </ClInclude>
    <ClInclude Include="ElectromagneticWaves.h">
      <Filter>Header Files</Filter>
    </ClInclude>
    <ClInclude Include="GeometricOptics.h">
      <Filter>Header Files</Filter>
    </ClInclude>
    <ClInclude Include="WaveOptics.h">
      <Filter>Header Files</Filter>
    </ClInclude>
    <ClInclude Include="VisionOpticalInstruments.h">
      <Filter>Header Files</Filter>
    </ClInclude>
    <ClInclude Include="SpecialRelativity.h">
      <Filter>Header Files</Filter>
    </ClInclude>
  </ItemGroup>
  <ItemGroup>
    <ClCompile Include="testFactory.cpp">
      <Filter>Source Files</Filter>
    </ClCompile>
  </ItemGroup>
  <ItemGroup>
    <Text Include="oldProblems.txt">
      <Filter>Resource Files</Filter>
    </Text>
  </ItemGroup>
</Project>